
Microsoft Visual Studio Solution File, Format Version 12.00
# Visual Studio 15
VisualStudioVersion = 15.0.34112.143
MinimumVisualStudioVersion = 10.0.40219.1
Project("{FAE04EC0-301F-11D3-BF4B-00C04F79EFBC}") = "CRM", "CRM\CRM.csproj", "{81DF66AE-94BD-4721-A76B-FA27E47DAF3E}"
EndProject
Project("{FAE04EC0-301F-11D3-BF4B-00C04F79EFBC}") = "DataAccess", "DataAccess\DataAccess.csproj", "{3205B0CF-C239-4C08-A6CF-BF399198CA98}"
EndProject
Global
	GlobalSection(SolutionConfigurationPlatforms) = preSolution
		Debug|Any CPU = Debug|Any CPU
		Release|Any CPU = Release|Any CPU
	EndGlobalSection
	GlobalSection(ProjectConfigurationPlatforms) = postSolution
		{81DF66AE-94BD-4721-A76B-FA27E47DAF3E}.Debug|Any CPU.ActiveCfg = Debug|Any CPU
		{81DF66AE-94BD-4721-A76B-FA27E47DAF3E}.Debug|Any CPU.Build.0 = Debug|Any CPU
		{81DF66AE-94BD-4721-A76B-FA27E47DAF3E}.Release|Any CPU.ActiveCfg = Release|Any CPU
		{81DF66AE-94BD-4721-A76B-FA27E47DAF3E}.Release|Any CPU.Build.0 = Release|Any CPU
		{3205B0CF-C239-4C08-A6CF-BF399198CA98}.Debug|Any CPU.ActiveCfg = Debug|Any CPU
		{3205B0CF-C239-4C08-A6CF-BF399198CA98}.Debug|Any CPU.Build.0 = Debug|Any CPU
		{3205B0CF-C239-4C08-A6CF-BF399198CA98}.Release|Any CPU.ActiveCfg = Release|Any CPU
		{3205B0CF-C239-4C08-A6CF-BF399198CA98}.Release|Any CPU.Build.0 = Release|Any CPU
	EndGlobalSection
	GlobalSection(SolutionProperties) = preSolution
		HideSolutionNode = FALSE
	EndGlobalSection
	GlobalSection(ExtensibilityGlobals) = postSolution
		SolutionGuid = {9CAC8BD2-FB9B-4E58-BDB1-E703C57E41CA}
	EndGlobalSection
EndGlobal
